
Microsoft Visual Studio Solution File, Format Version 12.00
# Visual Studio Version 17
VisualStudioVersion = 17.8.34322.80
MinimumVisualStudioVersion = 10.0.40219.1
Project("{F184B08F-C81C-45F6-A57F-5ABD9991F28F}") = "ExSlot", "ExSlot.vbproj", "{A8EF0075-87B8-4B5A-83BE-B54A61D464B1}"
EndProject
Global
	GlobalSection(SolutionConfigurationPlatforms) = preSolution
		Debug|Any CPU = Debug|Any CPU
		Release|Any CPU = Release|Any CPU
	EndGlobalSection
	GlobalSection(ProjectConfigurationPlatforms) = postSolution
		{A8EF0075-87B8-4B5A-83BE-B54A61D464B1}.Debug|Any CPU.ActiveCfg = Debug|Any CPU
		{A8EF0075-87B8-4B5A-83BE-B54A61D464B1}.Debug|Any CPU.Build.0 = Debug|Any CPU
		{A8EF0075-87B8-4B5A-83BE-B54A61D464B1}.Release|Any CPU.ActiveCfg = Release|Any CPU
		{A8EF0075-87B8-4B5A-83BE-B54A61D464B1}.Release|Any CPU.Build.0 = Release|Any CPU
	EndGlobalSection
	GlobalSection(SolutionProperties) = preSolution
		HideSolutionNode = FALSE
	EndGlobalSection
	GlobalSection(ExtensibilityGlobals) = postSolution
		SolutionGuid = {3F9AB209-6D0A-42FD-94E1-00BB450C01C1}
	EndGlobalSection
EndGlobal
