
Microsoft Visual Studio Solution File, Format Version 12.00
# Visual Studio Version 17
VisualStudioVersion = 17.7.34221.43
MinimumVisualStudioVersion = 10.0.40219.1
Project("{F184B08F-C81C-45F6-A57F-5ABD9991F28F}") = "ExCalculoDias", "ExCalculoDias.vbproj", "{2A0EA49B-DB8E-4CBC-BFB5-365E53FCA257}"
EndProject
Global
	GlobalSection(SolutionConfigurationPlatforms) = preSolution
		Debug|Any CPU = Debug|Any CPU
		Release|Any CPU = Release|Any CPU
	EndGlobalSection
	GlobalSection(ProjectConfigurationPlatforms) = postSolution
		{2A0EA49B-DB8E-4CBC-BFB5-365E53FCA257}.Debug|Any CPU.ActiveCfg = Debug|Any CPU
		{2A0EA49B-DB8E-4CBC-BFB5-365E53FCA257}.Debug|Any CPU.Build.0 = Debug|Any CPU
		{2A0EA49B-DB8E-4CBC-BFB5-365E53FCA257}.Release|Any CPU.ActiveCfg = Release|Any CPU
		{2A0EA49B-DB8E-4CBC-BFB5-365E53FCA257}.Release|Any CPU.Build.0 = Release|Any CPU
	EndGlobalSection
	GlobalSection(SolutionProperties) = preSolution
		HideSolutionNode = FALSE
	EndGlobalSection
	GlobalSection(ExtensibilityGlobals) = postSolution
		SolutionGuid = {29DD37EB-F386-4E44-8530-3E033B3BEC0C}
	EndGlobalSection
EndGlobal
