
Microsoft Visual Studio Solution File, Format Version 12.00
# Visual Studio Version 17
VisualStudioVersion = 17.7.34031.279
MinimumVisualStudioVersion = 10.0.40219.1
Project("{F184B08F-C81C-45F6-A57F-5ABD9991F28F}") = "Exercicio01", "Exercicio01\Exercicio01.vbproj", "{A445F661-5F4D-4773-B58E-0D748D98581E}"
EndProject
Project("{778DAE3C-4631-46EA-AA77-85C1314464D9}") = "Exercicio02", "Exercicio02\Exercicio02.vbproj", "{4218FE5E-91F9-48FD-B50D-E7119ED46105}"
EndProject
Project("{778DAE3C-4631-46EA-AA77-85C1314464D9}") = "Exercicio03", "Exercicio03\Exercicio03.vbproj", "{D8FB1F99-993B-400E-9F8B-74CD1EC8B8EF}"
EndProject
Project("{778DAE3C-4631-46EA-AA77-85C1314464D9}") = "Exercicio04", "Exercicio04\Exercicio04.vbproj", "{D33172C9-E44A-4803-AA60-5F94253ED4C8}"
EndProject
Project("{778DAE3C-4631-46EA-AA77-85C1314464D9}") = "Exercicio04Data", "Exercicio04Data\Exercicio04Data.vbproj", "{CAA6B2D3-DEBD-4CEF-83E7-186BF4FFB261}"
EndProject
Project("{778DAE3C-4631-46EA-AA77-85C1314464D9}") = "ExTextSoma", "ExTextSoma\ExTextSoma.vbproj", "{115EDAFB-189F-4BC2-90C0-5362765E5555}"
EndProject
Project("{778DAE3C-4631-46EA-AA77-85C1314464D9}") = "Exercicio08", "Exercicio08\Exercicio08.vbproj", "{AAEC8554-0896-4F4C-9B1F-4EB9BBF496A9}"
EndProject
Project("{778DAE3C-4631-46EA-AA77-85C1314464D9}") = "Tarefa01", "Tarefa01\Tarefa01.vbproj", "{09895F3B-E742-4B24-A21F-C806B6BA2150}"
EndProject
Project("{778DAE3C-4631-46EA-AA77-85C1314464D9}") = "Ex10RadioButton", "Ex10RadioButton\Ex10RadioButton.vbproj", "{F4C47ABD-81A3-4B1B-B296-DF960B2C51F2}"
EndProject
Project("{778DAE3C-4631-46EA-AA77-85C1314464D9}") = "ExGestao", "ExzGestao\ExGestao.vbproj", "{54B2942D-B5CD-49BE-BC43-F975CBAD1F48}"
EndProject
Project("{778DAE3C-4631-46EA-AA77-85C1314464D9}") = "ExIfs", "ExIfs\ExIfs.vbproj", "{02A7E2E6-FA4F-42CE-BF24-16F7BF083896}"
EndProject
Project("{778DAE3C-4631-46EA-AA77-85C1314464D9}") = "Ex2RadioButton", "Ex2RadioButton\Ex2RadioButton.vbproj", "{496D29DD-4389-4A3E-9DA4-F4E4958AAAFC}"
EndProject
Project("{778DAE3C-4631-46EA-AA77-85C1314464D9}") = "ExVendasIF", "ExVendasIF\ExVendasIF.vbproj", "{7348AFE5-B726-4E4B-AA05-3D673C8F6FB0}"
EndProject
Project("{778DAE3C-4631-46EA-AA77-85C1314464D9}") = "ExCheckIf", "ExCheckIf\ExCheckIf.vbproj", "{5F9167EC-8BB1-499F-93C3-24D61F4D12BE}"
EndProject
Project("{778DAE3C-4631-46EA-AA77-85C1314464D9}") = "ExImagem2", "ExImagem2\ExImagem2.vbproj", "{3E341619-7DB1-487E-98ED-9973CB720DF7}"
EndProject
Project("{778DAE3C-4631-46EA-AA77-85C1314464D9}") = "EXSelecCase1", "EXSelecCase1\EXSelecCase1.vbproj", "{E5FA7265-93EE-4CA9-A885-E6E61523D13B}"
EndProject
Project("{778DAE3C-4631-46EA-AA77-85C1314464D9}") = "ExSelectCase2", "ExSelectCase2\ExSelectCase2.vbproj", "{560E9455-AEC9-4292-8B70-BF7FDB84D849}"
EndProject
Project("{778DAE3C-4631-46EA-AA77-85C1314464D9}") = "EXSelectCase3", "EXSelectCase3\EXSelectCase3.vbproj", "{78863007-6B2A-4A47-AFD0-32825F424B46}"
EndProject
Project("{778DAE3C-4631-46EA-AA77-85C1314464D9}") = "ExMenus", "ExMenus\ExMenus.vbproj", "{C6F7FDCD-CDF6-47DF-834E-5BDB39945BE5}"
EndProject
Global
	GlobalSection(SolutionConfigurationPlatforms) = preSolution
		Debug|Any CPU = Debug|Any CPU
		Release|Any CPU = Release|Any CPU
	EndGlobalSection
	GlobalSection(ProjectConfigurationPlatforms) = postSolution
		{A445F661-5F4D-4773-B58E-0D748D98581E}.Debug|Any CPU.ActiveCfg = Debug|Any CPU
		{A445F661-5F4D-4773-B58E-0D748D98581E}.Debug|Any CPU.Build.0 = Debug|Any CPU
		{A445F661-5F4D-4773-B58E-0D748D98581E}.Release|Any CPU.ActiveCfg = Release|Any CPU
		{A445F661-5F4D-4773-B58E-0D748D98581E}.Release|Any CPU.Build.0 = Release|Any CPU
		{4218FE5E-91F9-48FD-B50D-E7119ED46105}.Debug|Any CPU.ActiveCfg = Debug|Any CPU
		{4218FE5E-91F9-48FD-B50D-E7119ED46105}.Debug|Any CPU.Build.0 = Debug|Any CPU
		{4218FE5E-91F9-48FD-B50D-E7119ED46105}.Release|Any CPU.ActiveCfg = Release|Any CPU
		{4218FE5E-91F9-48FD-B50D-E7119ED46105}.Release|Any CPU.Build.0 = Release|Any CPU
		{D8FB1F99-993B-400E-9F8B-74CD1EC8B8EF}.Debug|Any CPU.ActiveCfg = Debug|Any CPU
		{D8FB1F99-993B-400E-9F8B-74CD1EC8B8EF}.Debug|Any CPU.Build.0 = Debug|Any CPU
		{D8FB1F99-993B-400E-9F8B-74CD1EC8B8EF}.Release|Any CPU.ActiveCfg = Release|Any CPU
		{D8FB1F99-993B-400E-9F8B-74CD1EC8B8EF}.Release|Any CPU.Build.0 = Release|Any CPU
		{D33172C9-E44A-4803-AA60-5F94253ED4C8}.Debug|Any CPU.ActiveCfg = Debug|Any CPU
		{D33172C9-E44A-4803-AA60-5F94253ED4C8}.Debug|Any CPU.Build.0 = Debug|Any CPU
		{D33172C9-E44A-4803-AA60-5F94253ED4C8}.Release|Any CPU.ActiveCfg = Release|Any CPU
		{D33172C9-E44A-4803-AA60-5F94253ED4C8}.Release|Any CPU.Build.0 = Release|Any CPU
		{CAA6B2D3-DEBD-4CEF-83E7-186BF4FFB261}.Debug|Any CPU.ActiveCfg = Debug|Any CPU
		{CAA6B2D3-DEBD-4CEF-83E7-186BF4FFB261}.Debug|Any CPU.Build.0 = Debug|Any CPU
		{CAA6B2D3-DEBD-4CEF-83E7-186BF4FFB261}.Release|Any CPU.ActiveCfg = Release|Any CPU
		{CAA6B2D3-DEBD-4CEF-83E7-186BF4FFB261}.Release|Any CPU.Build.0 = Release|Any CPU
		{115EDAFB-189F-4BC2-90C0-5362765E5555}.Debug|Any CPU.ActiveCfg = Debug|Any CPU
		{115EDAFB-189F-4BC2-90C0-5362765E5555}.Debug|Any CPU.Build.0 = Debug|Any CPU
		{115EDAFB-189F-4BC2-90C0-5362765E5555}.Release|Any CPU.ActiveCfg = Release|Any CPU
		{115EDAFB-189F-4BC2-90C0-5362765E5555}.Release|Any CPU.Build.0 = Release|Any CPU
		{AAEC8554-0896-4F4C-9B1F-4EB9BBF496A9}.Debug|Any CPU.ActiveCfg = Debug|Any CPU
		{AAEC8554-0896-4F4C-9B1F-4EB9BBF496A9}.Debug|Any CPU.Build.0 = Debug|Any CPU
		{AAEC8554-0896-4F4C-9B1F-4EB9BBF496A9}.Release|Any CPU.ActiveCfg = Release|Any CPU
		{AAEC8554-0896-4F4C-9B1F-4EB9BBF496A9}.Release|Any CPU.Build.0 = Release|Any CPU
		{09895F3B-E742-4B24-A21F-C806B6BA2150}.Debug|Any CPU.ActiveCfg = Debug|Any CPU
		{09895F3B-E742-4B24-A21F-C806B6BA2150}.Debug|Any CPU.Build.0 = Debug|Any CPU
		{09895F3B-E742-4B24-A21F-C806B6BA2150}.Release|Any CPU.ActiveCfg = Release|Any CPU
		{09895F3B-E742-4B24-A21F-C806B6BA2150}.Release|Any CPU.Build.0 = Release|Any CPU
		{F4C47ABD-81A3-4B1B-B296-DF960B2C51F2}.Debug|Any CPU.ActiveCfg = Debug|Any CPU
		{F4C47ABD-81A3-4B1B-B296-DF960B2C51F2}.Debug|Any CPU.Build.0 = Debug|Any CPU
		{F4C47ABD-81A3-4B1B-B296-DF960B2C51F2}.Release|Any CPU.ActiveCfg = Release|Any CPU
		{F4C47ABD-81A3-4B1B-B296-DF960B2C51F2}.Release|Any CPU.Build.0 = Release|Any CPU
		{54B2942D-B5CD-49BE-BC43-F975CBAD1F48}.Debug|Any CPU.ActiveCfg = Debug|Any CPU
		{54B2942D-B5CD-49BE-BC43-F975CBAD1F48}.Debug|Any CPU.Build.0 = Debug|Any CPU
		{54B2942D-B5CD-49BE-BC43-F975CBAD1F48}.Release|Any CPU.ActiveCfg = Release|Any CPU
		{54B2942D-B5CD-49BE-BC43-F975CBAD1F48}.Release|Any CPU.Build.0 = Release|Any CPU
		{02A7E2E6-FA4F-42CE-BF24-16F7BF083896}.Debug|Any CPU.ActiveCfg = Debug|Any CPU
		{02A7E2E6-FA4F-42CE-BF24-16F7BF083896}.Debug|Any CPU.Build.0 = Debug|Any CPU
		{02A7E2E6-FA4F-42CE-BF24-16F7BF083896}.Release|Any CPU.ActiveCfg = Release|Any CPU
		{02A7E2E6-FA4F-42CE-BF24-16F7BF083896}.Release|Any CPU.Build.0 = Release|Any CPU
		{496D29DD-4389-4A3E-9DA4-F4E4958AAAFC}.Debug|Any CPU.ActiveCfg = Debug|Any CPU
		{496D29DD-4389-4A3E-9DA4-F4E4958AAAFC}.Debug|Any CPU.Build.0 = Debug|Any CPU
		{496D29DD-4389-4A3E-9DA4-F4E4958AAAFC}.Release|Any CPU.ActiveCfg = Release|Any CPU
		{496D29DD-4389-4A3E-9DA4-F4E4958AAAFC}.Release|Any CPU.Build.0 = Release|Any CPU
		{7348AFE5-B726-4E4B-AA05-3D673C8F6FB0}.Debug|Any CPU.ActiveCfg = Debug|Any CPU
		{7348AFE5-B726-4E4B-AA05-3D673C8F6FB0}.Debug|Any CPU.Build.0 = Debug|Any CPU
		{7348AFE5-B726-4E4B-AA05-3D673C8F6FB0}.Release|Any CPU.ActiveCfg = Release|Any CPU
		{7348AFE5-B726-4E4B-AA05-3D673C8F6FB0}.Release|Any CPU.Build.0 = Release|Any CPU
		{5F9167EC-8BB1-499F-93C3-24D61F4D12BE}.Debug|Any CPU.ActiveCfg = Debug|Any CPU
		{5F9167EC-8BB1-499F-93C3-24D61F4D12BE}.Debug|Any CPU.Build.0 = Debug|Any CPU
		{5F9167EC-8BB1-499F-93C3-24D61F4D12BE}.Release|Any CPU.ActiveCfg = Release|Any CPU
		{5F9167EC-8BB1-499F-93C3-24D61F4D12BE}.Release|Any CPU.Build.0 = Release|Any CPU
		{3E341619-7DB1-487E-98ED-9973CB720DF7}.Debug|Any CPU.ActiveCfg = Debug|Any CPU
		{3E341619-7DB1-487E-98ED-9973CB720DF7}.Debug|Any CPU.Build.0 = Debug|Any CPU
		{3E341619-7DB1-487E-98ED-9973CB720DF7}.Release|Any CPU.ActiveCfg = Release|Any CPU
		{3E341619-7DB1-487E-98ED-9973CB720DF7}.Release|Any CPU.Build.0 = Release|Any CPU
		{E5FA7265-93EE-4CA9-A885-E6E61523D13B}.Debug|Any CPU.ActiveCfg = Debug|Any CPU
		{E5FA7265-93EE-4CA9-A885-E6E61523D13B}.Debug|Any CPU.Build.0 = Debug|Any CPU
		{E5FA7265-93EE-4CA9-A885-E6E61523D13B}.Release|Any CPU.ActiveCfg = Release|Any CPU
		{E5FA7265-93EE-4CA9-A885-E6E61523D13B}.Release|Any CPU.Build.0 = Release|Any CPU
		{560E9455-AEC9-4292-8B70-BF7FDB84D849}.Debug|Any CPU.ActiveCfg = Debug|Any CPU
		{560E9455-AEC9-4292-8B70-BF7FDB84D849}.Debug|Any CPU.Build.0 = Debug|Any CPU
		{560E9455-AEC9-4292-8B70-BF7FDB84D849}.Release|Any CPU.ActiveCfg = Release|Any CPU
		{560E9455-AEC9-4292-8B70-BF7FDB84D849}.Release|Any CPU.Build.0 = Release|Any CPU
		{78863007-6B2A-4A47-AFD0-32825F424B46}.Debug|Any CPU.ActiveCfg = Debug|Any CPU
		{78863007-6B2A-4A47-AFD0-32825F424B46}.Debug|Any CPU.Build.0 = Debug|Any CPU
		{78863007-6B2A-4A47-AFD0-32825F424B46}.Release|Any CPU.ActiveCfg = Release|Any CPU
		{78863007-6B2A-4A47-AFD0-32825F424B46}.Release|Any CPU.Build.0 = Release|Any CPU
		{C6F7FDCD-CDF6-47DF-834E-5BDB39945BE5}.Debug|Any CPU.ActiveCfg = Debug|Any CPU
		{C6F7FDCD-CDF6-47DF-834E-5BDB39945BE5}.Debug|Any CPU.Build.0 = Debug|Any CPU
		{C6F7FDCD-CDF6-47DF-834E-5BDB39945BE5}.Release|Any CPU.ActiveCfg = Release|Any CPU
		{C6F7FDCD-CDF6-47DF-834E-5BDB39945BE5}.Release|Any CPU.Build.0 = Release|Any CPU
	EndGlobalSection
	GlobalSection(SolutionProperties) = preSolution
		HideSolutionNode = FALSE
	EndGlobalSection
	GlobalSection(ExtensibilityGlobals) = postSolution
		SolutionGuid = {AA1E28B8-4F92-4F18-8EFE-726050039AE0}
	EndGlobalSection
EndGlobal
